
Microsoft Visual Studio Solution File, Format Version 12.00
# Visual Studio Version 17
VisualStudioVersion = 17.1.32414.318
MinimumVisualStudioVersion = 10.0.40219.1
Project("{FAE04EC0-301F-11D3-BF4B-00C04F79EFBC}") = "JobOffersWebsite", "JobOffersWebsite\JobOffersWebsite.csproj", "{E416522B-A159-4536-87CE-B42997DCD37A}"
EndProject
Global
	GlobalSection(SolutionConfigurationPlatforms) = preSolution
		Debug|Any CPU = Debug|Any CPU
		Release|Any CPU = Release|Any CPU
	EndGlobalSection
	GlobalSection(ProjectConfigurationPlatforms) = postSolution
		{E416522B-A159-4536-87CE-B42997DCD37A}.Debug|Any CPU.ActiveCfg = Debug|Any CPU
		{E416522B-A159-4536-87CE-B42997DCD37A}.Debug|Any CPU.Build.0 = Debug|Any CPU
		{E416522B-A159-4536-87CE-B42997DCD37A}.Release|Any CPU.ActiveCfg = Release|Any CPU
		{E416522B-A159-4536-87CE-B42997DCD37A}.Release|Any CPU.Build.0 = Release|Any CPU
	EndGlobalSection
	GlobalSection(SolutionProperties) = preSolution
		HideSolutionNode = FALSE
	EndGlobalSection
	GlobalSection(ExtensibilityGlobals) = postSolution
		SolutionGuid = {134EF5BF-DF5A-4E88-9364-2AA6AB170F5E}
	EndGlobalSection
EndGlobal
